
Microsoft Visual Studio Solution File, Format Version 12.00
# Visual Studio 15
Project("{FAE04EC0-301F-11D3-BF4B-00C04F79EFBC}") = "CrawlPatrolNET", "CrawlPatrolNET\CrawlPatrolNET.csproj", "{3DBB4B3E-A8C6-43E7-803B-1A6D50861561}"
EndProject
Global
	GlobalSection(SolutionConfigurationPlatforms) = preSolution
		Debug|Any CPU = Debug|Any CPU
		Release|Any CPU = Release|Any CPU
	EndGlobalSection
	GlobalSection(ProjectConfigurationPlatforms) = postSolution
		{3DBB4B3E-A8C6-43E7-803B-1A6D50861561}.Debug|Any CPU.ActiveCfg = Debug|Any CPU
		{3DBB4B3E-A8C6-43E7-803B-1A6D50861561}.Debug|Any CPU.Build.0 = Debug|Any CPU
		{3DBB4B3E-A8C6-43E7-803B-1A6D50861561}.Release|Any CPU.ActiveCfg = Release|Any CPU
		{3DBB4B3E-A8C6-43E7-803B-1A6D50861561}.Release|Any CPU.Build.0 = Release|Any CPU
	EndGlobalSection
EndGlobal
